// !$*UTF8*$!
{
	archiveVersion = 1;
	classes = {
	};
	objectVersion = 48;
	objects = {

/* Begin PBXBuildFile section */
		D8DB9C13205CD2DB006455F9 /* AppDelegate.swift in Sources */ = {isa = PBXBuildFile; fileRef = D8DB9C12205CD2DB006455F9 /* AppDelegate.swift */; };
		D8DB9C15205CD2DB006455F9 /* GameScene.sks in Resources */ = {isa = PBXBuildFile; fileRef = D8DB9C14205CD2DB006455F9 /* GameScene.sks */; };
		D8DB9C17205CD2DB006455F9 /* Actions.sks in Resources */ = {isa = PBXBuildFile; fileRef = D8DB9C16205CD2DB006455F9 /* Actions.sks */; };
		D8DB9C19205CD2DB006455F9 /* GameScene.swift in Sources */ = {isa = PBXBuildFile; fileRef = D8DB9C18205CD2DB006455F9 /* GameScene.swift */; };
		D8DB9C1B205CD2DB006455F9 /* GameViewController.swift in Sources */ = {isa = PBXBuildFile; fileRef = D8DB9C1A205CD2DB006455F9 /* GameViewController.swift */; };
		D8DB9C1E205CD2DB006455F9 /* Main.storyboard in Resources */ = {isa = PBXBuildFile; fileRef = D8DB9C1C205CD2DB006455F9 /* Main.storyboard */; };
		D8DB9C20205CD2DB006455F9 /* Assets.xcassets in Resources */ = {isa = PBXBuildFile; fileRef = D8DB9C1F205CD2DB006455F9 /* Assets.xcassets */; };
		D8DB9C23205CD2DB006455F9 /* LaunchScreen.storyboard in Resources */ = {isa = PBXBuildFile; fileRef = D8DB9C21205CD2DB006455F9 /* LaunchScreen.storyboard */; };
/* End PBXBuildFile section */

/* Begin PBXFileReference section */
		D8DB9C0F205CD2DB006455F9 /* Asteroid Runner.app */ = {isa = PBXFileReference; explicitFileType = wrapper.application; includeInIndex = 0; path = "Asteroid Runner.app"; sourceTree = BUILT_PRODUCTS_DIR; };
		D8DB9C12205CD2DB006455F9 /* AppDelegate.swift */ = {isa = PBXFileReference; lastKnownFileType = sourcecode.swift; path = AppDelegate.swift; sourceTree = "<group>"; };
		D8DB9C14205CD2DB006455F9 /* GameScene.sks */ = {isa = PBXFileReference; lastKnownFileType = file.sks; path = GameScene.sks; sourceTree = "<group>"; };
		D8DB9C16205CD2DB006455F9 /* Actions.sks */ = {isa = PBXFileReference; lastKnownFileType = file.sks; path = Actions.sks; sourceTree = "<group>"; };
		D8DB9C18205CD2DB006455F9 /* GameScene.swift */ = {isa = PBXFileReference; lastKnownFileType = sourcecode.swift; path = GameScene.swift; sourceTree = "<group>"; };
		D8DB9C1A205CD2DB006455F9 /* GameViewController.swift */ = {isa = PBXFileReference; lastKnownFileType = sourcecode.swift; path = GameViewController.swift; sourceTree = "<group>"; };
		D8DB9C1D205CD2DB006455F9 /* Base */ = {isa = PBXFileReference; lastKnownFileType = file.storyboard; name = Base; path = Base.lproj/Main.storyboard; sourceTree = "<group>"; };
		D8DB9C1F205CD2DB006455F9 /* Assets.xcassets */ = {isa = PBXFileReference; lastKnownFileType = folder.assetcatalog; path = Assets.xcassets; sourceTree = "<group>"; };
		D8DB9C22205CD2DB006455F9 /* Base */ = {isa = PBXFileReference; lastKnownFileType = file.storyboard; name = Base; path = Base.lproj/LaunchScreen.storyboard; sourceTree = "<group>"; };
		D8DB9C24205CD2DB006455F9 /* Info.plist */ = {isa = PBXFileReference; lastKnownFileType = text.plist.xml; path = Info.plist; sourceTree = "<group>"; };
/* End PBXFileReference section */

/* Begin PBXFrameworksBuildPhase section */
		D8DB9C0C205CD2DB006455F9 /* Frameworks */ = {
			isa = PBXFrameworksBuildPhase;
			buildActionMask = 2147483647;
			files = (
			);
			runOnlyForDeploymentPostprocessing = 0;
		};
/* End PBXFrameworksBuildPhase section */

/* Begin PBXGroup section */
		D8DB9C06205CD2DB006455F9 = {
			isa = PBXGroup;
			children = (
				D8DB9C11205CD2DB006455F9 /* Asteroid Runner */,
				D8DB9C10205CD2DB006455F9 /* Products */,
			);
			sourceTree = "<group>";
		};
		D8DB9C10205CD2DB006455F9 /* Products */ = {
			isa = PBXGroup;
			children = (
				D8DB9C0F205CD2DB006455F9 /* Asteroid Runner.app */,
			);
			name = Products;
			sourceTree = "<group>";
		};
		D8DB9C11205CD2DB006455F9 /* Asteroid Runner */ = {
			isa = PBXGroup;
			children = (
				D8DB9C12205CD2DB006455F9 /* AppDelegate.swift */,
				D8DB9C14205CD2DB006455F9 /* GameScene.sks */,
				D8DB9C16205CD2DB006455F9 /* Actions.sks */,
				D8DB9C18205CD2DB006455F9 /* GameScene.swift */,
				D8DB9C1A205CD2DB006455F9 /* GameViewController.swift */,
				D8DB9C1C205CD2DB006455F9 /* Main.storyboard */,
				D8DB9C1F205CD2DB006455F9 /* Assets.xcassets */,
				D8DB9C21205CD2DB006455F9 /* LaunchScreen.storyboard */,
				D8DB9C24205CD2DB006455F9 /* Info.plist */,
			);
			path = "Asteroid Runner";
			sourceTree = "<group>";
		};
/* End PBXGroup section */

/* Begin PBXNativeTarget section */
		D8DB9C0E205CD2DB006455F9 /* Asteroid Runner */ = {
			isa = PBXNativeTarget;
			buildConfigurationList = D8DB9C27205CD2DB006455F9 /* Build configuration list for PBXNativeTarget "Asteroid Runner" */;
			buildPhases = (
				D8DB9C0B205CD2DB006455F9 /* Sources */,
				D8DB9C0C205CD2DB006455F9 /* Frameworks */,
				D8DB9C0D205CD2DB006455F9 /* Resources */,
			);
			buildRules = (
			);
			dependencies = (
			);
			name = "Asteroid Runner";
			productName = "Asteroid Runner";
			productReference = D8DB9C0F205CD2DB006455F9 /* Asteroid Runner.app */;
			productType = "com.apple.product-type.application";
		};
/* End PBXNativeTarget section */

/* Begin PBXProject section */
		D8DB9C07205CD2DB006455F9 /* Project object */ = {
			isa = PBXProject;
			attributes = {
				LastSwiftUpdateCheck = 0920;
				LastUpgradeCheck = 0920;
				ORGANIZATIONNAME = "Make School";
				TargetAttributes = {
					D8DB9C0E205CD2DB006455F9 = {
						CreatedOnToolsVersion = 9.2;
						ProvisioningStyle = Automatic;
					};
				};
			};
			buildConfigurationList = D8DB9C0A205CD2DB006455F9 /* Build configuration list for PBXProject "Asteroid Runner" */;
			compatibilityVersion = "Xcode 8.0";
			developmentRegion = en;
			hasScannedForEncodings = 0;
			knownRegions = (
				en,
				Base,
			);
			mainGroup = D8DB9C06205CD2DB006455F9;
			productRefGroup = D8DB9C10205CD2DB006455F9 /* Products */;
			projectDirPath = "";
			projectRoot = "";
			targets = (
				D8DB9C0E205CD2DB006455F9 /* Asteroid Runner */,
			);
		};
/* End PBXProject section */

/* Begin PBXResourcesBuildPhase section */
		D8DB9C0D205CD2DB006455F9 /* Resources */ = {
			isa = PBXResourcesBuildPhase;
			buildActionMask = 2147483647;
			files = (
				D8DB9C1E205CD2DB006455F9 /* Main.storyboard in Resources */,
				D8DB9C15205CD2DB006455F9 /* GameScene.sks in Resources */,
				D8DB9C20205CD2DB006455F9 /* Assets.xcassets in Resources */,
				D8DB9C23205CD2DB006455F9 /* LaunchScreen.storyboard in Resources */,
				D8DB9C17205CD2DB006455F9 /* Actions.sks in Resources */,
			);
			runOnlyForDeploymentPostprocessing = 0;
		};
/* End PBXResourcesBuildPhase section */

/* Begin PBXSourcesBuildPhase section */
		D8DB9C0B205CD2DB006455F9 /* Sources */ = {
			isa = PBXSourcesBuildPhase;
			buildActionMask = 2147483647;
			files = (
				D8DB9C19205CD2DB006455F9 /* GameScene.swift in Sources */,
				D8DB9C1B205CD2DB006455F9 /* GameViewController.swift in Sources */,
				D8DB9C13205CD2DB006455F9 /* AppDelegate.swift in Sources */,
			);
			runOnlyForDeploymentPostprocessing = 0;
		};
/* End PBXSourcesBuildPhase section */

/* Begin PBXVariantGroup section */
		D8DB9C1C205CD2DB006455F9 /* Main.storyboard */ = {
			isa = PBXVariantGroup;
			children = (
				D8DB9C1D205CD2DB006455F9 /* Base */,
			);
			name = Main.storyboard;
			sourceTree = "<group>";
		};
		D8DB9C21205CD2DB006455F9 /* LaunchScreen.storyboard */ = {
			isa = PBXVariantGroup;
			children = (
				D8DB9C22205CD2DB006455F9 /* Base */,
			);
			name = LaunchScreen.storyboard;
			sourceTree = "<group>";
		};
/* End PBXVariantGroup section */

/* Begin XCBuildConfiguration section */
		D8DB9C25205CD2DB006455F9 /* Debug */ = {
			isa = XCBuildConfiguration;
			buildSettings = {
				ALWAYS_SEARCH_USER_PATHS = NO;
				CLANG_ANALYZER_NONNULL = YES;
				CLANG_ANALYZER_NUMBER_OBJECT_CONVERSION = YES_AGGRESSIVE;
				CLANG_CXX_LANGUAGE_STANDARD = "gnu++14";
				CLANG_CXX_LIBRARY = "libc++";
				CLANG_ENABLE_MODULES = YES;
				CLANG_ENABLE_OBJC_ARC = YES;
				CLANG_WARN_BLOCK_CAPTURE_AUTORELEASING = YES;
				CLANG_WARN_BOOL_CONVERSION = YES;
				CLANG_WARN_COMMA = YES;
				CLANG_WARN_CONSTANT_CONVERSION = YES;
				CLANG_WARN_DIRECT_OBJC_ISA_USAGE = YES_ERROR;
				CLANG_WARN_DOCUMENTATION_COMMENTS = YES;
				CLANG_WARN_EMPTY_BODY = YES;
				CLANG_WARN_ENUM_CONVERSION = YES;
				CLANG_WARN_INFINITE_RECURSION = YES;
				CLANG_WARN_INT_CONVERSION = YES;
				CLANG_WARN_NON_LITERAL_NULL_CONVERSION = YES;
				CLANG_WARN_OBJC_LITERAL_CONVERSION = YES;
				CLANG_WARN_OBJC_ROOT_CLASS = YES_ERROR;
				CLANG_WARN_RANGE_LOOP_ANALYSIS = YES;
				CLANG_WARN_STRICT_PROTOTYPES = YES;
				CLANG_WARN_SUSPICIOUS_MOVE = YES;
				CLANG_WARN_UNGUARDED_AVAILABILITY = YES_AGGRESSIVE;
				CLANG_WARN_UNREACHABLE_CODE = YES;
				CLANG_WARN__DUPLICATE_METHOD_MATCH = YES;
				CODE_SIGN_IDENTITY = "iPhone Developer";
				COPY_PHASE_STRIP = NO;
				DEBUG_INFORMATION_FORMAT = dwarf;
				ENABLE_STRICT_OBJC_MSGSEND = YES;
				ENABLE_TESTABILITY = YES;
				GCC_C_LANGUAGE_STANDARD = gnu11;
				GCC_DYNAMIC_NO_PIC = NO;
				GCC_NO_COMMON_BLOCKS = YES;
				GCC_OPTIMIZATION_LEVEL = 0;
				GCC_PREPROCESSOR_DEFINITIONS = (
					"DEBUG=1",
					"$(inherited)",
				);
				GCC_WARN_64_TO_32_BIT_CONVERSION = YES;
				GCC_WARN_ABOUT_RETURN_TYPE = YES_ERROR;
				GCC_WARN_UNDECLARED_SELECTOR = YES;
				GCC_WARN_UNINITIALIZED_AUTOS = YES_AGGRESSIVE;
				GCC_WARN_UNUSED_FUNCTION = YES;
				GCC_WARN_UNUSED_VARIABLE = YES;
				IPHONEOS_DEPLOYMENT_TARGET = 11.2;
				MTL_ENABLE_DEBUG_INFO = YES;
				ONLY_ACTIVE_ARCH = YES;
				SDKROOT = iphoneos;
				SWIFT_ACTIVE_COMPILATION_CONDITIONS = DEBUG;
				SWIFT_OPTIMIZATION_LEVEL = "-Onone";
			};
			name = Debug;
		};
		D8DB9C26205CD2DB006455F9 /* Release */ = {
			isa = XCBuildConfiguration;
			buildSettings = {
				ALWAYS_SEARCH_USER_PATHS = NO;
				CLANG_ANALYZER_NONNULL = YES;
				CLANG_ANALYZER_NUMBER_OBJECT_CONVERSION = YES_AGGRESSIVE;
				CLANG_CXX_LANGUAGE_STANDARD = "gnu++14";
				CLANG_CXX_LIBRARY = "libc++";
				CLANG_ENABLE_MODULES = YES;
				CLANG_ENABLE_OBJC_ARC = YES;
				CLANG_WARN_BLOCK_CAPTURE_AUTORELEASING = YES;
				CLANG_WARN_BOOL_CONVERSION = YES;
				CLANG_WARN_COMMA = YES;
				CLANG_WARN_CONSTANT_CONVERSION = YES;
				CLANG_WARN_DIRECT_OBJC_ISA_USAGE = YES_ERROR;
				CLANG_WARN_DOCUMENTATION_COMMENTS = YES;
				CLANG_WARN_EMPTY_BODY = YES;
				CLANG_WARN_ENUM_CONVERSION = YES;
				CLANG_WARN_INFINITE_RECURSION = YES;
				CLANG_WARN_INT_CONVERSION = YES;
				CLANG_WARN_NON_LITERAL_NULL_CONVERSION = YES;
				CLANG_WARN_OBJC_LITERAL_CONVERSION = YES;
				CLANG_WARN_OBJC_ROOT_CLASS = YES_ERROR;
				CLANG_WARN_RANGE_LOOP_ANALYSIS = YES;
				CLANG_WARN_STRICT_PROTOTYPES = YES;
				CLANG_WARN_SUSPICIOUS_MOVE = YES;
				CLANG_WARN_UNGUARDED_AVAILABILITY = YES_AGGRESSIVE;
				CLANG_WARN_UNREACHABLE_CODE = YES;
				CLANG_WARN__DUPLICATE_METHOD_MATCH = YES;
				CODE_SIGN_IDENTITY = "iPhone Developer";
				COPY_PHASE_STRIP = NO;
				DEBUG_INFORMATION_FORMAT = "dwarf-with-dsym";
				ENABLE_NS_ASSERTIONS = NO;
				ENABLE_STRICT_OBJC_MSGSEND = YES;
				GCC_C_LANGUAGE_STANDARD = gnu11;
				GCC_NO_COMMON_BLOCKS = YES;
				GCC_WARN_64_TO_32_BIT_CONVERSION = YES;
				GCC_WARN_ABOUT_RETURN_TYPE = YES_ERROR;
				GCC_WARN_UNDECLARED_SELECTOR = YES;
				GCC_WARN_UNINITIALIZED_AUTOS = YES_AGGRESSIVE;
				GCC_WARN_UNUSED_FUNCTION = YES;
				GCC_WARN_UNUSED_VARIABLE = YES;
				IPHONEOS_DEPLOYMENT_TARGET = 11.2;
				MTL_ENABLE_DEBUG_INFO = NO;
				SDKROOT = iphoneos;
				SWIFT_OPTIMIZATION_LEVEL = "-Owholemodule";
				VALIDATE_PRODUCT = YES;
			};
			name = Release;
		};
		D8DB9C28205CD2DB006455F9 /* Debug */ = {
			isa = XCBuildConfiguration;
			buildSettings = {
				ASSETCATALOG_COMPILER_APPICON_NAME = AppIcon;
				CODE_SIGN_STYLE = Automatic;
				DEVELOPMENT_TEAM = 753UQ7TNXJ;
				INFOPLIST_FILE = "Asteroid Runner/Info.plist";
				LD_RUNPATH_SEARCH_PATHS = "$(inherited) @executable_path/Frameworks";
				PRODUCT_BUNDLE_IDENTIFIER = "com.webdevils.Asteroid-Runner";
				PRODUCT_NAME = "$(TARGET_NAME)";
				SWIFT_VERSION = 4.0;
				TARGETED_DEVICE_FAMILY = "1,2";
			};
			name = Debug;
		};
		D8DB9C29205CD2DB006455F9 /* Release */ = {
			isa = XCBuildConfiguration;
			buildSettings = {
				ASSETCATALOG_COMPILER_APPICON_NAME = AppIcon;
				CODE_SIGN_STYLE = Automatic;
				DEVELOPMENT_TEAM = 753UQ7TNXJ;
				INFOPLIST_FILE = "Asteroid Runner/Info.plist";
				LD_RUNPATH_SEARCH_PATHS = "$(inherited) @executable_path/Frameworks";
				PRODUCT_BUNDLE_IDENTIFIER = "com.webdevils.Asteroid-Runner";
				PRODUCT_NAME = "$(TARGET_NAME)";
				SWIFT_VERSION = 4.0;
				TARGETED_DEVICE_FAMILY = "1,2";
			};
			name = Release;
		};
/* End XCBuildConfiguration section */

/* Begin XCConfigurationList section */
		D8DB9C0A205CD2DB006455F9 /* Build configuration list for PBXProject "Asteroid Runner" */ = {
			isa = XCConfigurationList;
			buildConfigurations = (
				D8DB9C25205CD2DB006455F9 /* Debug */,
				D8DB9C26205CD2DB006455F9 /* Release */,
			);
			defaultConfigurationIsVisible = 0;
			defaultConfigurationName = Release;
		};
		D8DB9C27205CD2DB006455F9 /* Build configuration list for PBXNativeTarget "Asteroid Runner" */ = {
			isa = XCConfigurationList;
			buildConfigurations = (
				D8DB9C28205CD2DB006455F9 /* Debug */,
				D8DB9C29205CD2DB006455F9 /* Release */,
			);
			defaultConfigurationIsVisible = 0;
			defaultConfigurationName = Release;
		};
/* End XCConfigurationList section */
	};
	rootObject = D8DB9C07205CD2DB006455F9 /* Project object */;
}
